
Microsoft Visual Studio Solution File, Format Version 12.00
# Visual Studio Version 17
VisualStudioVersion = 17.13.35913.81 d17.13
MinimumVisualStudioVersion = 10.0.40219.1
Project("{2150E333-8FDC-42A3-9474-1A3956D46DE8}") = "src", "src", "{02EA681E-C7D8-13C7-8484-4AC65E1B71E8}"
EndProject
Project("{2150E333-8FDC-42A3-9474-1A3956D46DE8}") = "Modules", "Modules", "{4D90F159-877A-4DAB-A8BE-062B626B9E13}"
EndProject
Project("{FAE04EC0-301F-11D3-BF4B-00C04F79EFBC}") = "SchoolManagement.Core", "SchoolManagement.Core\SchoolManagement.Core.csproj", "{DC77F8E5-F96B-4E14-B3D1-062178BE8E86}"
EndProject
Project("{FAE04EC0-301F-11D3-BF4B-00C04F79EFBC}") = "Shared", "Shared\Shared.csproj", "{4FA9F828-8614-432D-A400-4E7F1937B488}"
EndProject
Project("{2150E333-8FDC-42A3-9474-1A3956D46DE8}") = "HR&Payroll", "HR&Payroll", "{815C4CBB-4BC5-484A-A6E2-C8A031080630}"
EndProject
Project("{2150E333-8FDC-42A3-9474-1A3956D46DE8}") = "Finance&Fees", "Finance&Fees", "{926223FB-F314-43D7-8DD5-8C5E908C275F}"
EndProject
Project("{2150E333-8FDC-42A3-9474-1A3956D46DE8}") = "Reporting&Analytics", "Reporting&Analytics", "{A36809DA-9B11-4E4D-8E38-CC899E4C20D8}"
EndProject
Project("{2150E333-8FDC-42A3-9474-1A3956D46DE8}") = "Authentication&Authorization", "Authentication&Authorization", "{8BCA19B1-9DDF-497B-931A-A02E40385409}"
EndProject
Project("{FAE04EC0-301F-11D3-BF4B-00C04F79EFBC}") = "SchoolManagement.Infrastructure", "SchoolManagement.Infrastructure\SchoolManagement.Infrastructure.csproj", "{04AED794-3C3D-49FE-8C8C-8DD615976216}"
EndProject
Project("{FAE04EC0-301F-11D3-BF4B-00C04F79EFBC}") = "Authentication.Domain", "Authentication.Domain\Authentication.Domain.csproj", "{0C6A3734-78D4-46B2-9FD5-2FAB00939152}"
EndProject
Project("{FAE04EC0-301F-11D3-BF4B-00C04F79EFBC}") = "Authentication.Infrastructure", "Authentication.Infrastructure\Authentication.Infrastructure.csproj", "{B32DA258-AF90-492A-82FD-F9E84C203A47}"
EndProject
Project("{FAE04EC0-301F-11D3-BF4B-00C04F79EFBC}") = "Authentication.Application", "Authentication.Application\Authentication.Application.csproj", "{B64A596C-FEA1-4407-8BB2-644B54374BD9}"
EndProject
Project("{FAE04EC0-301F-11D3-BF4B-00C04F79EFBC}") = "Authentication.Web", "Authentication.Web\Authentication.Web.csproj", "{33D19EB2-583A-4493-AA67-C2235FB52705}"
EndProject
Project("{FAE04EC0-301F-11D3-BF4B-00C04F79EFBC}") = "Finance.Web", "Finance.Web\Finance.Web.csproj", "{B871E78F-11E0-49E6-9A03-52CAD9EDFF57}"
EndProject
Project("{FAE04EC0-301F-11D3-BF4B-00C04F79EFBC}") = "Finance.Application", "Finance.Application\Finance.Application.csproj", "{3E3EFBFC-047C-4B44-8DE9-893F3A8EE455}"
EndProject
Project("{FAE04EC0-301F-11D3-BF4B-00C04F79EFBC}") = "Finance.Domain", "Finance.Domain\Finance.Domain.csproj", "{F45B6F0A-C9BF-4E14-98DA-83D399CD2368}"
EndProject
Project("{FAE04EC0-301F-11D3-BF4B-00C04F79EFBC}") = "Finance.Infrastructure", "Finance.Infrastructure\Finance.Infrastructure.csproj", "{2DBB518E-6D30-4065-85BA-DBD52ABAFCD8}"
EndProject
Project("{FAE04EC0-301F-11D3-BF4B-00C04F79EFBC}") = "HRPayroll.Application", "HRPayroll.Application\HRPayroll.Application.csproj", "{562F1B84-D5EA-4DFB-973E-086CB963AEC6}"
EndProject
Project("{FAE04EC0-301F-11D3-BF4B-00C04F79EFBC}") = "HRPayroll.Domain", "HRPayroll.Domain\HRPayroll.Domain.csproj", "{B34546E7-B3C0-4FFF-8E89-96F5944D27BA}"
EndProject
Project("{FAE04EC0-301F-11D3-BF4B-00C04F79EFBC}") = "HRPayroll.Infrastructure", "HRPayroll.Infrastructure\HRPayroll.Infrastructure.csproj", "{D7095080-8B43-4168-AF7F-C9899D5BFFB4}"
EndProject
Project("{FAE04EC0-301F-11D3-BF4B-00C04F79EFBC}") = "HRPayroll.Web", "HRPayroll.Web\HRPayroll.Web.csproj", "{8494AD9F-F983-4C22-9ED6-0683ACCF5AD9}"
EndProject
Project("{FAE04EC0-301F-11D3-BF4B-00C04F79EFBC}") = "Report.Web", "Report.Web\Report.Web.csproj", "{7FF8424D-645B-4325-9B94-EAB23AB6E4C0}"
EndProject
Project("{FAE04EC0-301F-11D3-BF4B-00C04F79EFBC}") = "Report.Application", "Report.Application\Report.Application.csproj", "{749339E3-588F-45B2-932A-CBDA17A0E667}"
EndProject
Project("{FAE04EC0-301F-11D3-BF4B-00C04F79EFBC}") = "Report.Domain", "Report.Domain\Report.Domain.csproj", "{BACB2AD1-0FC8-404B-9B42-0C0FC0DD133A}"
EndProject
Project("{FAE04EC0-301F-11D3-BF4B-00C04F79EFBC}") = "Report.Infrastructure", "Report.Infrastructure\Report.Infrastructure.csproj", "{92A7FD40-F89A-4CFE-BEFC-9FD65FD93BA4}"
EndProject
Project("{2150E333-8FDC-42A3-9474-1A3956D46DE8}") = "Solution Items", "Solution Items", "{B2675528-A689-40D0-BFED-4DB275BCCD5E}"
	ProjectSection(SolutionItems) = preProject
		.editorconfig = .editorconfig
	EndProjectSection
EndProject
Project("{2150E333-8FDC-42A3-9474-1A3956D46DE8}") = "StudentManagement", "StudentManagement", "{9C4C8AC3-DCD9-46A5-BF09-4E6A42FE64CB}"
EndProject
Project("{2150E333-8FDC-42A3-9474-1A3956D46DE8}") = "CourseManagement", "CourseManagement", "{0408EBCC-D7EE-4532-9FAF-1CA3604A2EC4}"
EndProject
Project("{2150E333-8FDC-42A3-9474-1A3956D46DE8}") = "DepartmentManagement", "DepartmentManagement", "{6BEAB5C6-C95C-47D6-9D16-ECF07C934A8A}"
EndProject
Project("{2150E333-8FDC-42A3-9474-1A3956D46DE8}") = "StaffManagement", "StaffManagement", "{ED1DADD8-91FA-490E-9F66-D436173C250A}"
EndProject
Project("{FAE04EC0-301F-11D3-BF4B-00C04F79EFBC}") = "Courses.Application", "Courses.Application\Courses.Application.csproj", "{B326D9C7-CC8D-4072-9900-40E1D4A277DF}"
EndProject
Project("{FAE04EC0-301F-11D3-BF4B-00C04F79EFBC}") = "Courses.Domain", "Courses.Domain\Courses.Domain.csproj", "{8CB6F640-740B-428E-9066-9AE33AFFD410}"
EndProject
Project("{FAE04EC0-301F-11D3-BF4B-00C04F79EFBC}") = "Courses.Infrastructure", "Courses.Infrastructure\Courses.Infrastructure.csproj", "{333398BA-53C2-4176-9D94-91D4CA523CAA}"
EndProject
Project("{FAE04EC0-301F-11D3-BF4B-00C04F79EFBC}") = "Courses.Web", "Courses.Web\Courses.Web.csproj", "{531FFA64-EA08-405F-A118-9DFCDC18ECDA}"
EndProject
Project("{FAE04EC0-301F-11D3-BF4B-00C04F79EFBC}") = "Departments.Web", "Departments.Web\Departments.Web.csproj", "{C1C5CA2B-88BC-4B3C-8589-62917678F95F}"
EndProject
Project("{FAE04EC0-301F-11D3-BF4B-00C04F79EFBC}") = "Departments.Application", "Departments.Application\Departments.Application.csproj", "{55D8EEAD-9C20-43A8-8814-EF18A293528C}"
EndProject
Project("{FAE04EC0-301F-11D3-BF4B-00C04F79EFBC}") = "Departments.Domain", "Departments.Domain\Departments.Domain.csproj", "{D66E3A08-31A4-400C-B2B4-AE1B2101A210}"
EndProject
Project("{FAE04EC0-301F-11D3-BF4B-00C04F79EFBC}") = "Departments.Infrastructure", "Departments.Infrastructure\Departments.Infrastructure.csproj", "{D99273F1-A1C4-444C-B7F8-A17A6D4C8728}"
EndProject
Project("{FAE04EC0-301F-11D3-BF4B-00C04F79EFBC}") = "Staffs.Application", "Staffs.Application\Staffs.Application.csproj", "{E71E7926-C46D-4CC2-8D37-A0A774B8A887}"
EndProject
Project("{FAE04EC0-301F-11D3-BF4B-00C04F79EFBC}") = "Staffs.Domain", "Staffs.Domain\Staffs.Domain.csproj", "{E177C381-19F6-4345-89F6-479B89ABE64C}"
EndProject
Project("{FAE04EC0-301F-11D3-BF4B-00C04F79EFBC}") = "Staffs.Infrastructure", "Staffs.Infrastructure\Staffs.Infrastructure.csproj", "{E195046F-0CD9-419C-8594-9DEB0ECE18A4}"
EndProject
Project("{FAE04EC0-301F-11D3-BF4B-00C04F79EFBC}") = "Staffs.Web", "Staffs.Web\Staffs.Web.csproj", "{1F6E9803-B84A-49B4-AA50-AF3539636FDF}"
EndProject
Project("{FAE04EC0-301F-11D3-BF4B-00C04F79EFBC}") = "Students.Web", "Students.Web\Students.Web.csproj", "{FDB856FE-5CEB-4CE8-8784-19249F182049}"
EndProject
Project("{FAE04EC0-301F-11D3-BF4B-00C04F79EFBC}") = "Students.Application", "Students.Application\Students.Application.csproj", "{291F9AC3-A176-4E8B-88F9-E57344770C07}"
EndProject
Project("{FAE04EC0-301F-11D3-BF4B-00C04F79EFBC}") = "Students.Domain", "Students.Domain\Students.Domain.csproj", "{A25C299D-42C9-40FA-9571-05BEA99BAE99}"
EndProject
Project("{FAE04EC0-301F-11D3-BF4B-00C04F79EFBC}") = "Students.Infrastructure", "Students.Infrastructure\Students.Infrastructure.csproj", "{7925AF9D-DAE9-423E-9495-A0198451DCF0}"
EndProject
Project("{FAE04EC0-301F-11D3-BF4B-00C04F79EFBC}") = "SchoolManagement.Web", "SchoolManagement.Web\SchoolManagement.Web.csproj", "{E849EE99-1C26-49AE-BBBA-1846B4ABE6DB}"
EndProject
Global
	GlobalSection(SolutionConfigurationPlatforms) = preSolution
		Debug|Any CPU = Debug|Any CPU
		Release|Any CPU = Release|Any CPU
	EndGlobalSection
	GlobalSection(ProjectConfigurationPlatforms) = postSolution
		{DC77F8E5-F96B-4E14-B3D1-062178BE8E86}.Debug|Any CPU.ActiveCfg = Debug|Any CPU
		{DC77F8E5-F96B-4E14-B3D1-062178BE8E86}.Debug|Any CPU.Build.0 = Debug|Any CPU
		{DC77F8E5-F96B-4E14-B3D1-062178BE8E86}.Release|Any CPU.ActiveCfg = Release|Any CPU
		{DC77F8E5-F96B-4E14-B3D1-062178BE8E86}.Release|Any CPU.Build.0 = Release|Any CPU
		{4FA9F828-8614-432D-A400-4E7F1937B488}.Debug|Any CPU.ActiveCfg = Debug|Any CPU
		{4FA9F828-8614-432D-A400-4E7F1937B488}.Debug|Any CPU.Build.0 = Debug|Any CPU
		{4FA9F828-8614-432D-A400-4E7F1937B488}.Release|Any CPU.ActiveCfg = Release|Any CPU
		{4FA9F828-8614-432D-A400-4E7F1937B488}.Release|Any CPU.Build.0 = Release|Any CPU
		{04AED794-3C3D-49FE-8C8C-8DD615976216}.Debug|Any CPU.ActiveCfg = Debug|Any CPU
		{04AED794-3C3D-49FE-8C8C-8DD615976216}.Debug|Any CPU.Build.0 = Debug|Any CPU
		{04AED794-3C3D-49FE-8C8C-8DD615976216}.Release|Any CPU.ActiveCfg = Release|Any CPU
		{04AED794-3C3D-49FE-8C8C-8DD615976216}.Release|Any CPU.Build.0 = Release|Any CPU
		{0C6A3734-78D4-46B2-9FD5-2FAB00939152}.Debug|Any CPU.ActiveCfg = Debug|Any CPU
		{0C6A3734-78D4-46B2-9FD5-2FAB00939152}.Debug|Any CPU.Build.0 = Debug|Any CPU
		{0C6A3734-78D4-46B2-9FD5-2FAB00939152}.Release|Any CPU.ActiveCfg = Release|Any CPU
		{0C6A3734-78D4-46B2-9FD5-2FAB00939152}.Release|Any CPU.Build.0 = Release|Any CPU
		{B32DA258-AF90-492A-82FD-F9E84C203A47}.Debug|Any CPU.ActiveCfg = Debug|Any CPU
		{B32DA258-AF90-492A-82FD-F9E84C203A47}.Debug|Any CPU.Build.0 = Debug|Any CPU
		{B32DA258-AF90-492A-82FD-F9E84C203A47}.Release|Any CPU.ActiveCfg = Release|Any CPU
		{B32DA258-AF90-492A-82FD-F9E84C203A47}.Release|Any CPU.Build.0 = Release|Any CPU
		{B64A596C-FEA1-4407-8BB2-644B54374BD9}.Debug|Any CPU.ActiveCfg = Debug|Any CPU
		{B64A596C-FEA1-4407-8BB2-644B54374BD9}.Debug|Any CPU.Build.0 = Debug|Any CPU
		{B64A596C-FEA1-4407-8BB2-644B54374BD9}.Release|Any CPU.ActiveCfg = Release|Any CPU
		{B64A596C-FEA1-4407-8BB2-644B54374BD9}.Release|Any CPU.Build.0 = Release|Any CPU
		{33D19EB2-583A-4493-AA67-C2235FB52705}.Debug|Any CPU.ActiveCfg = Debug|Any CPU
		{33D19EB2-583A-4493-AA67-C2235FB52705}.Debug|Any CPU.Build.0 = Debug|Any CPU
		{33D19EB2-583A-4493-AA67-C2235FB52705}.Release|Any CPU.ActiveCfg = Release|Any CPU
		{33D19EB2-583A-4493-AA67-C2235FB52705}.Release|Any CPU.Build.0 = Release|Any CPU
		{B871E78F-11E0-49E6-9A03-52CAD9EDFF57}.Debug|Any CPU.ActiveCfg = Debug|Any CPU
		{B871E78F-11E0-49E6-9A03-52CAD9EDFF57}.Debug|Any CPU.Build.0 = Debug|Any CPU
		{B871E78F-11E0-49E6-9A03-52CAD9EDFF57}.Release|Any CPU.ActiveCfg = Release|Any CPU
		{B871E78F-11E0-49E6-9A03-52CAD9EDFF57}.Release|Any CPU.Build.0 = Release|Any CPU
		{3E3EFBFC-047C-4B44-8DE9-893F3A8EE455}.Debug|Any CPU.ActiveCfg = Debug|Any CPU
		{3E3EFBFC-047C-4B44-8DE9-893F3A8EE455}.Debug|Any CPU.Build.0 = Debug|Any CPU
		{3E3EFBFC-047C-4B44-8DE9-893F3A8EE455}.Release|Any CPU.ActiveCfg = Release|Any CPU
		{3E3EFBFC-047C-4B44-8DE9-893F3A8EE455}.Release|Any CPU.Build.0 = Release|Any CPU
		{F45B6F0A-C9BF-4E14-98DA-83D399CD2368}.Debug|Any CPU.ActiveCfg = Debug|Any CPU
		{F45B6F0A-C9BF-4E14-98DA-83D399CD2368}.Debug|Any CPU.Build.0 = Debug|Any CPU
		{F45B6F0A-C9BF-4E14-98DA-83D399CD2368}.Release|Any CPU.ActiveCfg = Release|Any CPU
		{F45B6F0A-C9BF-4E14-98DA-83D399CD2368}.Release|Any CPU.Build.0 = Release|Any CPU
		{2DBB518E-6D30-4065-85BA-DBD52ABAFCD8}.Debug|Any CPU.ActiveCfg = Debug|Any CPU
		{2DBB518E-6D30-4065-85BA-DBD52ABAFCD8}.Debug|Any CPU.Build.0 = Debug|Any CPU
		{2DBB518E-6D30-4065-85BA-DBD52ABAFCD8}.Release|Any CPU.ActiveCfg = Release|Any CPU
		{2DBB518E-6D30-4065-85BA-DBD52ABAFCD8}.Release|Any CPU.Build.0 = Release|Any CPU
		{562F1B84-D5EA-4DFB-973E-086CB963AEC6}.Debug|Any CPU.ActiveCfg = Debug|Any CPU
		{562F1B84-D5EA-4DFB-973E-086CB963AEC6}.Debug|Any CPU.Build.0 = Debug|Any CPU
		{562F1B84-D5EA-4DFB-973E-086CB963AEC6}.Release|Any CPU.ActiveCfg = Release|Any CPU
		{562F1B84-D5EA-4DFB-973E-086CB963AEC6}.Release|Any CPU.Build.0 = Release|Any CPU
		{B34546E7-B3C0-4FFF-8E89-96F5944D27BA}.Debug|Any CPU.ActiveCfg = Debug|Any CPU
		{B34546E7-B3C0-4FFF-8E89-96F5944D27BA}.Debug|Any CPU.Build.0 = Debug|Any CPU
		{B34546E7-B3C0-4FFF-8E89-96F5944D27BA}.Release|Any CPU.ActiveCfg = Release|Any CPU
		{B34546E7-B3C0-4FFF-8E89-96F5944D27BA}.Release|Any CPU.Build.0 = Release|Any CPU
		{D7095080-8B43-4168-AF7F-C9899D5BFFB4}.Debug|Any CPU.ActiveCfg = Debug|Any CPU
		{D7095080-8B43-4168-AF7F-C9899D5BFFB4}.Debug|Any CPU.Build.0 = Debug|Any CPU
		{D7095080-8B43-4168-AF7F-C9899D5BFFB4}.Release|Any CPU.ActiveCfg = Release|Any CPU
		{D7095080-8B43-4168-AF7F-C9899D5BFFB4}.Release|Any CPU.Build.0 = Release|Any CPU
		{8494AD9F-F983-4C22-9ED6-0683ACCF5AD9}.Debug|Any CPU.ActiveCfg = Debug|Any CPU
		{8494AD9F-F983-4C22-9ED6-0683ACCF5AD9}.Debug|Any CPU.Build.0 = Debug|Any CPU
		{8494AD9F-F983-4C22-9ED6-0683ACCF5AD9}.Release|Any CPU.ActiveCfg = Release|Any CPU
		{8494AD9F-F983-4C22-9ED6-0683ACCF5AD9}.Release|Any CPU.Build.0 = Release|Any CPU
		{7FF8424D-645B-4325-9B94-EAB23AB6E4C0}.Debug|Any CPU.ActiveCfg = Debug|Any CPU
		{7FF8424D-645B-4325-9B94-EAB23AB6E4C0}.Debug|Any CPU.Build.0 = Debug|Any CPU
		{7FF8424D-645B-4325-9B94-EAB23AB6E4C0}.Release|Any CPU.ActiveCfg = Release|Any CPU
		{7FF8424D-645B-4325-9B94-EAB23AB6E4C0}.Release|Any CPU.Build.0 = Release|Any CPU
		{749339E3-588F-45B2-932A-CBDA17A0E667}.Debug|Any CPU.ActiveCfg = Debug|Any CPU
		{749339E3-588F-45B2-932A-CBDA17A0E667}.Debug|Any CPU.Build.0 = Debug|Any CPU
		{749339E3-588F-45B2-932A-CBDA17A0E667}.Release|Any CPU.ActiveCfg = Release|Any CPU
		{749339E3-588F-45B2-932A-CBDA17A0E667}.Release|Any CPU.Build.0 = Release|Any CPU
		{BACB2AD1-0FC8-404B-9B42-0C0FC0DD133A}.Debug|Any CPU.ActiveCfg = Debug|Any CPU
		{BACB2AD1-0FC8-404B-9B42-0C0FC0DD133A}.Debug|Any CPU.Build.0 = Debug|Any CPU
		{BACB2AD1-0FC8-404B-9B42-0C0FC0DD133A}.Release|Any CPU.ActiveCfg = Release|Any CPU
		{BACB2AD1-0FC8-404B-9B42-0C0FC0DD133A}.Release|Any CPU.Build.0 = Release|Any CPU
		{92A7FD40-F89A-4CFE-BEFC-9FD65FD93BA4}.Debug|Any CPU.ActiveCfg = Debug|Any CPU
		{92A7FD40-F89A-4CFE-BEFC-9FD65FD93BA4}.Debug|Any CPU.Build.0 = Debug|Any CPU
		{92A7FD40-F89A-4CFE-BEFC-9FD65FD93BA4}.Release|Any CPU.ActiveCfg = Release|Any CPU
		{92A7FD40-F89A-4CFE-BEFC-9FD65FD93BA4}.Release|Any CPU.Build.0 = Release|Any CPU
		{B326D9C7-CC8D-4072-9900-40E1D4A277DF}.Debug|Any CPU.ActiveCfg = Debug|Any CPU
		{B326D9C7-CC8D-4072-9900-40E1D4A277DF}.Debug|Any CPU.Build.0 = Debug|Any CPU
		{B326D9C7-CC8D-4072-9900-40E1D4A277DF}.Release|Any CPU.ActiveCfg = Release|Any CPU
		{B326D9C7-CC8D-4072-9900-40E1D4A277DF}.Release|Any CPU.Build.0 = Release|Any CPU
		{8CB6F640-740B-428E-9066-9AE33AFFD410}.Debug|Any CPU.ActiveCfg = Debug|Any CPU
		{8CB6F640-740B-428E-9066-9AE33AFFD410}.Debug|Any CPU.Build.0 = Debug|Any CPU
		{8CB6F640-740B-428E-9066-9AE33AFFD410}.Release|Any CPU.ActiveCfg = Release|Any CPU
		{8CB6F640-740B-428E-9066-9AE33AFFD410}.Release|Any CPU.Build.0 = Release|Any CPU
		{333398BA-53C2-4176-9D94-91D4CA523CAA}.Debug|Any CPU.ActiveCfg = Debug|Any CPU
		{333398BA-53C2-4176-9D94-91D4CA523CAA}.Debug|Any CPU.Build.0 = Debug|Any CPU
		{333398BA-53C2-4176-9D94-91D4CA523CAA}.Release|Any CPU.ActiveCfg = Release|Any CPU
		{333398BA-53C2-4176-9D94-91D4CA523CAA}.Release|Any CPU.Build.0 = Release|Any CPU
		{531FFA64-EA08-405F-A118-9DFCDC18ECDA}.Debug|Any CPU.ActiveCfg = Debug|Any CPU
		{531FFA64-EA08-405F-A118-9DFCDC18ECDA}.Debug|Any CPU.Build.0 = Debug|Any CPU
		{531FFA64-EA08-405F-A118-9DFCDC18ECDA}.Release|Any CPU.ActiveCfg = Release|Any CPU
		{531FFA64-EA08-405F-A118-9DFCDC18ECDA}.Release|Any CPU.Build.0 = Release|Any CPU
		{C1C5CA2B-88BC-4B3C-8589-62917678F95F}.Debug|Any CPU.ActiveCfg = Debug|Any CPU
		{C1C5CA2B-88BC-4B3C-8589-62917678F95F}.Debug|Any CPU.Build.0 = Debug|Any CPU
		{C1C5CA2B-88BC-4B3C-8589-62917678F95F}.Release|Any CPU.ActiveCfg = Release|Any CPU
		{C1C5CA2B-88BC-4B3C-8589-62917678F95F}.Release|Any CPU.Build.0 = Release|Any CPU
		{55D8EEAD-9C20-43A8-8814-EF18A293528C}.Debug|Any CPU.ActiveCfg = Debug|Any CPU
		{55D8EEAD-9C20-43A8-8814-EF18A293528C}.Debug|Any CPU.Build.0 = Debug|Any CPU
		{55D8EEAD-9C20-43A8-8814-EF18A293528C}.Release|Any CPU.ActiveCfg = Release|Any CPU
		{55D8EEAD-9C20-43A8-8814-EF18A293528C}.Release|Any CPU.Build.0 = Release|Any CPU
		{D66E3A08-31A4-400C-B2B4-AE1B2101A210}.Debug|Any CPU.ActiveCfg = Debug|Any CPU
		{D66E3A08-31A4-400C-B2B4-AE1B2101A210}.Debug|Any CPU.Build.0 = Debug|Any CPU
		{D66E3A08-31A4-400C-B2B4-AE1B2101A210}.Release|Any CPU.ActiveCfg = Release|Any CPU
		{D66E3A08-31A4-400C-B2B4-AE1B2101A210}.Release|Any CPU.Build.0 = Release|Any CPU
		{D99273F1-A1C4-444C-B7F8-A17A6D4C8728}.Debug|Any CPU.ActiveCfg = Debug|Any CPU
		{D99273F1-A1C4-444C-B7F8-A17A6D4C8728}.Debug|Any CPU.Build.0 = Debug|Any CPU
		{D99273F1-A1C4-444C-B7F8-A17A6D4C8728}.Release|Any CPU.ActiveCfg = Release|Any CPU
		{D99273F1-A1C4-444C-B7F8-A17A6D4C8728}.Release|Any CPU.Build.0 = Release|Any CPU
		{E71E7926-C46D-4CC2-8D37-A0A774B8A887}.Debug|Any CPU.ActiveCfg = Debug|Any CPU
		{E71E7926-C46D-4CC2-8D37-A0A774B8A887}.Debug|Any CPU.Build.0 = Debug|Any CPU
		{E71E7926-C46D-4CC2-8D37-A0A774B8A887}.Release|Any CPU.ActiveCfg = Release|Any CPU
		{E71E7926-C46D-4CC2-8D37-A0A774B8A887}.Release|Any CPU.Build.0 = Release|Any CPU
		{E177C381-19F6-4345-89F6-479B89ABE64C}.Debug|Any CPU.ActiveCfg = Debug|Any CPU
		{E177C381-19F6-4345-89F6-479B89ABE64C}.Debug|Any CPU.Build.0 = Debug|Any CPU
		{E177C381-19F6-4345-89F6-479B89ABE64C}.Release|Any CPU.ActiveCfg = Release|Any CPU
		{E177C381-19F6-4345-89F6-479B89ABE64C}.Release|Any CPU.Build.0 = Release|Any CPU
		{E195046F-0CD9-419C-8594-9DEB0ECE18A4}.Debug|Any CPU.ActiveCfg = Debug|Any CPU
		{E195046F-0CD9-419C-8594-9DEB0ECE18A4}.Debug|Any CPU.Build.0 = Debug|Any CPU
		{E195046F-0CD9-419C-8594-9DEB0ECE18A4}.Release|Any CPU.ActiveCfg = Release|Any CPU
		{E195046F-0CD9-419C-8594-9DEB0ECE18A4}.Release|Any CPU.Build.0 = Release|Any CPU
		{1F6E9803-B84A-49B4-AA50-AF3539636FDF}.Debug|Any CPU.ActiveCfg = Debug|Any CPU
		{1F6E9803-B84A-49B4-AA50-AF3539636FDF}.Debug|Any CPU.Build.0 = Debug|Any CPU
		{1F6E9803-B84A-49B4-AA50-AF3539636FDF}.Release|Any CPU.ActiveCfg = Release|Any CPU
		{1F6E9803-B84A-49B4-AA50-AF3539636FDF}.Release|Any CPU.Build.0 = Release|Any CPU
		{FDB856FE-5CEB-4CE8-8784-19249F182049}.Debug|Any CPU.ActiveCfg = Debug|Any CPU
		{FDB856FE-5CEB-4CE8-8784-19249F182049}.Debug|Any CPU.Build.0 = Debug|Any CPU
		{FDB856FE-5CEB-4CE8-8784-19249F182049}.Release|Any CPU.ActiveCfg = Release|Any CPU
		{FDB856FE-5CEB-4CE8-8784-19249F182049}.Release|Any CPU.Build.0 = Release|Any CPU
		{291F9AC3-A176-4E8B-88F9-E57344770C07}.Debug|Any CPU.ActiveCfg = Debug|Any CPU
		{291F9AC3-A176-4E8B-88F9-E57344770C07}.Debug|Any CPU.Build.0 = Debug|Any CPU
		{291F9AC3-A176-4E8B-88F9-E57344770C07}.Release|Any CPU.ActiveCfg = Release|Any CPU
		{291F9AC3-A176-4E8B-88F9-E57344770C07}.Release|Any CPU.Build.0 = Release|Any CPU
		{A25C299D-42C9-40FA-9571-05BEA99BAE99}.Debug|Any CPU.ActiveCfg = Debug|Any CPU
		{A25C299D-42C9-40FA-9571-05BEA99BAE99}.Debug|Any CPU.Build.0 = Debug|Any CPU
		{A25C299D-42C9-40FA-9571-05BEA99BAE99}.Release|Any CPU.ActiveCfg = Release|Any CPU
		{A25C299D-42C9-40FA-9571-05BEA99BAE99}.Release|Any CPU.Build.0 = Release|Any CPU
		{7925AF9D-DAE9-423E-9495-A0198451DCF0}.Debug|Any CPU.ActiveCfg = Debug|Any CPU
		{7925AF9D-DAE9-423E-9495-A0198451DCF0}.Debug|Any CPU.Build.0 = Debug|Any CPU
		{7925AF9D-DAE9-423E-9495-A0198451DCF0}.Release|Any CPU.ActiveCfg = Release|Any CPU
		{7925AF9D-DAE9-423E-9495-A0198451DCF0}.Release|Any CPU.Build.0 = Release|Any CPU
		{E849EE99-1C26-49AE-BBBA-1846B4ABE6DB}.Debug|Any CPU.ActiveCfg = Debug|Any CPU
		{E849EE99-1C26-49AE-BBBA-1846B4ABE6DB}.Debug|Any CPU.Build.0 = Debug|Any CPU
		{E849EE99-1C26-49AE-BBBA-1846B4ABE6DB}.Release|Any CPU.ActiveCfg = Release|Any CPU
		{E849EE99-1C26-49AE-BBBA-1846B4ABE6DB}.Release|Any CPU.Build.0 = Release|Any CPU
	EndGlobalSection
	GlobalSection(SolutionProperties) = preSolution
		HideSolutionNode = FALSE
	EndGlobalSection
	GlobalSection(NestedProjects) = preSolution
		{4D90F159-877A-4DAB-A8BE-062B626B9E13} = {02EA681E-C7D8-13C7-8484-4AC65E1B71E8}
		{DC77F8E5-F96B-4E14-B3D1-062178BE8E86} = {02EA681E-C7D8-13C7-8484-4AC65E1B71E8}
		{4FA9F828-8614-432D-A400-4E7F1937B488} = {02EA681E-C7D8-13C7-8484-4AC65E1B71E8}
		{815C4CBB-4BC5-484A-A6E2-C8A031080630} = {4D90F159-877A-4DAB-A8BE-062B626B9E13}
		{926223FB-F314-43D7-8DD5-8C5E908C275F} = {4D90F159-877A-4DAB-A8BE-062B626B9E13}
		{A36809DA-9B11-4E4D-8E38-CC899E4C20D8} = {4D90F159-877A-4DAB-A8BE-062B626B9E13}
		{8BCA19B1-9DDF-497B-931A-A02E40385409} = {4D90F159-877A-4DAB-A8BE-062B626B9E13}
		{04AED794-3C3D-49FE-8C8C-8DD615976216} = {02EA681E-C7D8-13C7-8484-4AC65E1B71E8}
		{0C6A3734-78D4-46B2-9FD5-2FAB00939152} = {8BCA19B1-9DDF-497B-931A-A02E40385409}
		{B32DA258-AF90-492A-82FD-F9E84C203A47} = {8BCA19B1-9DDF-497B-931A-A02E40385409}
		{B64A596C-FEA1-4407-8BB2-644B54374BD9} = {8BCA19B1-9DDF-497B-931A-A02E40385409}
		{33D19EB2-583A-4493-AA67-C2235FB52705} = {8BCA19B1-9DDF-497B-931A-A02E40385409}
		{B871E78F-11E0-49E6-9A03-52CAD9EDFF57} = {926223FB-F314-43D7-8DD5-8C5E908C275F}
		{3E3EFBFC-047C-4B44-8DE9-893F3A8EE455} = {926223FB-F314-43D7-8DD5-8C5E908C275F}
		{F45B6F0A-C9BF-4E14-98DA-83D399CD2368} = {926223FB-F314-43D7-8DD5-8C5E908C275F}
		{2DBB518E-6D30-4065-85BA-DBD52ABAFCD8} = {926223FB-F314-43D7-8DD5-8C5E908C275F}
		{562F1B84-D5EA-4DFB-973E-086CB963AEC6} = {815C4CBB-4BC5-484A-A6E2-C8A031080630}
		{B34546E7-B3C0-4FFF-8E89-96F5944D27BA} = {815C4CBB-4BC5-484A-A6E2-C8A031080630}
		{D7095080-8B43-4168-AF7F-C9899D5BFFB4} = {815C4CBB-4BC5-484A-A6E2-C8A031080630}
		{8494AD9F-F983-4C22-9ED6-0683ACCF5AD9} = {815C4CBB-4BC5-484A-A6E2-C8A031080630}
		{7FF8424D-645B-4325-9B94-EAB23AB6E4C0} = {A36809DA-9B11-4E4D-8E38-CC899E4C20D8}
		{749339E3-588F-45B2-932A-CBDA17A0E667} = {A36809DA-9B11-4E4D-8E38-CC899E4C20D8}
		{BACB2AD1-0FC8-404B-9B42-0C0FC0DD133A} = {A36809DA-9B11-4E4D-8E38-CC899E4C20D8}
		{92A7FD40-F89A-4CFE-BEFC-9FD65FD93BA4} = {A36809DA-9B11-4E4D-8E38-CC899E4C20D8}
		{9C4C8AC3-DCD9-46A5-BF09-4E6A42FE64CB} = {4D90F159-877A-4DAB-A8BE-062B626B9E13}
		{0408EBCC-D7EE-4532-9FAF-1CA3604A2EC4} = {4D90F159-877A-4DAB-A8BE-062B626B9E13}
		{6BEAB5C6-C95C-47D6-9D16-ECF07C934A8A} = {4D90F159-877A-4DAB-A8BE-062B626B9E13}
		{ED1DADD8-91FA-490E-9F66-D436173C250A} = {4D90F159-877A-4DAB-A8BE-062B626B9E13}
		{B326D9C7-CC8D-4072-9900-40E1D4A277DF} = {0408EBCC-D7EE-4532-9FAF-1CA3604A2EC4}
		{8CB6F640-740B-428E-9066-9AE33AFFD410} = {0408EBCC-D7EE-4532-9FAF-1CA3604A2EC4}
		{333398BA-53C2-4176-9D94-91D4CA523CAA} = {0408EBCC-D7EE-4532-9FAF-1CA3604A2EC4}
		{531FFA64-EA08-405F-A118-9DFCDC18ECDA} = {0408EBCC-D7EE-4532-9FAF-1CA3604A2EC4}
		{C1C5CA2B-88BC-4B3C-8589-62917678F95F} = {6BEAB5C6-C95C-47D6-9D16-ECF07C934A8A}
		{55D8EEAD-9C20-43A8-8814-EF18A293528C} = {6BEAB5C6-C95C-47D6-9D16-ECF07C934A8A}
		{D66E3A08-31A4-400C-B2B4-AE1B2101A210} = {6BEAB5C6-C95C-47D6-9D16-ECF07C934A8A}
		{D99273F1-A1C4-444C-B7F8-A17A6D4C8728} = {6BEAB5C6-C95C-47D6-9D16-ECF07C934A8A}
		{E71E7926-C46D-4CC2-8D37-A0A774B8A887} = {ED1DADD8-91FA-490E-9F66-D436173C250A}
		{E177C381-19F6-4345-89F6-479B89ABE64C} = {ED1DADD8-91FA-490E-9F66-D436173C250A}
		{E195046F-0CD9-419C-8594-9DEB0ECE18A4} = {ED1DADD8-91FA-490E-9F66-D436173C250A}
		{1F6E9803-B84A-49B4-AA50-AF3539636FDF} = {ED1DADD8-91FA-490E-9F66-D436173C250A}
		{FDB856FE-5CEB-4CE8-8784-19249F182049} = {9C4C8AC3-DCD9-46A5-BF09-4E6A42FE64CB}
		{291F9AC3-A176-4E8B-88F9-E57344770C07} = {9C4C8AC3-DCD9-46A5-BF09-4E6A42FE64CB}
		{A25C299D-42C9-40FA-9571-05BEA99BAE99} = {9C4C8AC3-DCD9-46A5-BF09-4E6A42FE64CB}
		{7925AF9D-DAE9-423E-9495-A0198451DCF0} = {9C4C8AC3-DCD9-46A5-BF09-4E6A42FE64CB}
		{E849EE99-1C26-49AE-BBBA-1846B4ABE6DB} = {02EA681E-C7D8-13C7-8484-4AC65E1B71E8}
	EndGlobalSection
	GlobalSection(ExtensibilityGlobals) = postSolution
		SolutionGuid = {C90AD153-C877-45B4-8897-0B8CD7691168}
	EndGlobalSection
EndGlobal
